{
  "version": 4,
  "terraform_version": "1.9.8",
  "serial": 8,
  "lineage": "62bc1c75-7e15-ca39-c1ca-06d394d56391",
  "outputs": {},
  "resources": [
    {
      "mode": "managed",
      "type": "digitalocean_vpc",
      "name": "network",
      "provider": "provider[\"registry.terraform.io/digitalocean/digitalocean\"]",
      "instances": [
        {
          "schema_version": 0,
          "attributes": {
            "created_at": "2025-05-16 12:02:07 +0000 UTC",
            "default": true,
            "description": "",
            "id": "54c53541-17b5-494f-a044-713bcc61d3d9",
            "ip_range": "10.103.0.0/20",
            "name": "ynov",
            "region": "ams3",
            "timeouts": null,
            "urn": "do:vpc:54c53541-17b5-494f-a044-713bcc61d3d9"
          },
          "sensitive_attributes": [],
          "private": "eyJlMmJmYjczMC1lY2FhLTExZTYtOGY4OC0zNDM2M2JjN2M0YzAiOnsiZGVsZXRlIjoxMjAwMDAwMDAwMDB9LCJzY2hlbWFfdmVyc2lvbiI6IjAifQ=="
        }
      ]
    }
  ],
  "check_results": null
}
